
Microsoft Visual Studio Solution File, Format Version 12.00
# Visual Studio Version 16
VisualStudioVersion = 16.0.29201.188
MinimumVisualStudioVersion = 10.0.40219.1
Project("{FAE04EC0-301F-11D3-BF4B-00C04F79EFBC}") = "Calculadora", "Calculadora.csproj", "{49099AD5-7AF6-4FBC-BC4C-AD070A180CF5}"
EndProject
Global
	GlobalSection(SolutionConfigurationPlatforms) = preSolution
		Debug|Any CPU = Debug|Any CPU
		Release|Any CPU = Release|Any CPU
	EndGlobalSection
	GlobalSection(ProjectConfigurationPlatforms) = postSolution
		{49099AD5-7AF6-4FBC-BC4C-AD070A180CF5}.Debug|Any CPU.ActiveCfg = Debug|Any CPU
		{49099AD5-7AF6-4FBC-BC4C-AD070A180CF5}.Debug|Any CPU.Build.0 = Debug|Any CPU
		{49099AD5-7AF6-4FBC-BC4C-AD070A180CF5}.Release|Any CPU.ActiveCfg = Release|Any CPU
		{49099AD5-7AF6-4FBC-BC4C-AD070A180CF5}.Release|Any CPU.Build.0 = Release|Any CPU
	EndGlobalSection
	GlobalSection(SolutionProperties) = preSolution
		HideSolutionNode = FALSE
	EndGlobalSection
	GlobalSection(ExtensibilityGlobals) = postSolution
		SolutionGuid = {15E251BA-5F17-4B00-ABA1-1BC1FCCCDF8B}
	EndGlobalSection
EndGlobal
